
Microsoft Visual Studio Solution File, Format Version 12.00
# Visual Studio Version 17
VisualStudioVersion = 17.6.33712.159
MinimumVisualStudioVersion = 10.0.40219.1
Project("{FAE04EC0-301F-11D3-BF4B-00C04F79EFBC}") = "HR.RenewalsAndLayoffs.UI", "HR.RenewalsAndLayoffs\HR.RenewalsAndLayoffs.UI.csproj", "{FA1531F3-0AA3-4AC4-AB1B-E5038FB4E582}"
EndProject
Project("{FAE04EC0-301F-11D3-BF4B-00C04F79EFBC}") = "HR.RenewalsAndLayoffs.Data", "HR.RenewalsAndLayoffs.Data\HR.RenewalsAndLayoffs.Data.csproj", "{F4CC8B1E-6846-42DE-AAC7-34288D67C8A2}"
EndProject
Global
	GlobalSection(SolutionConfigurationPlatforms) = preSolution
		Debug|Any CPU = Debug|Any CPU
		Release|Any CPU = Release|Any CPU
	EndGlobalSection
	GlobalSection(ProjectConfigurationPlatforms) = postSolution
		{FA1531F3-0AA3-4AC4-AB1B-E5038FB4E582}.Debug|Any CPU.ActiveCfg = Debug|Any CPU
		{FA1531F3-0AA3-4AC4-AB1B-E5038FB4E582}.Debug|Any CPU.Build.0 = Debug|Any CPU
		{FA1531F3-0AA3-4AC4-AB1B-E5038FB4E582}.Release|Any CPU.ActiveCfg = Release|Any CPU
		{FA1531F3-0AA3-4AC4-AB1B-E5038FB4E582}.Release|Any CPU.Build.0 = Release|Any CPU
		{F4CC8B1E-6846-42DE-AAC7-34288D67C8A2}.Debug|Any CPU.ActiveCfg = Debug|Any CPU
		{F4CC8B1E-6846-42DE-AAC7-34288D67C8A2}.Debug|Any CPU.Build.0 = Debug|Any CPU
		{F4CC8B1E-6846-42DE-AAC7-34288D67C8A2}.Release|Any CPU.ActiveCfg = Release|Any CPU
		{F4CC8B1E-6846-42DE-AAC7-34288D67C8A2}.Release|Any CPU.Build.0 = Release|Any CPU
	EndGlobalSection
	GlobalSection(SolutionProperties) = preSolution
		HideSolutionNode = FALSE
	EndGlobalSection
	GlobalSection(ExtensibilityGlobals) = postSolution
		SolutionGuid = {B683820E-6441-4661-A7EC-827BD5E3574A}
	EndGlobalSection
EndGlobal
